version = 1
revision = 3
requires-python = ">=3.12, <3.14"

[[package]]
name = "clipx-force-recorder"
version = "0.1.2"
source = { editable = "." }
dependencies = [
    { name = "numpy" },
    { name = "pylsl" },
    { name = "readkeys" },
    { name = "tomlkit" },
]

[package.metadata]
requires-dist = [
    { name = "numpy", specifier = ">=2.5.1" },
    { name = "pylsl", specifier = ">=1.17" },
    { name = "readkeys", specifier = ">=1.0" },
    { name = "tomlkit", specifier = ">=0.15.1" },
]

[[package]]
name = "numpy"
version = "2.5.1"
source = { registry = "https://pypi.org/simple" }
sdist = { url = "https://files.pythonhosted.org/packages/22/fd/89965aa4ac08c74998539fcbf24fa3540f3e15237fbeb6bcf9c908f4aade/numpy-2.5.1.tar.gz", hash = "sha256:a48a113e6afea91f5608793bafa7ef2ad481fefbda87ec5069f483de61cb9fa3", size = 20755553, upload-time = "2026-07-04T17:08:00.933Z" }
wheels = [
    { url = "https://files.pythonhosted.org/packages/62/7b/14687aa674250e5e546f616f486b0d56d3631cd5b2415739141ce40bdcea/numpy-2.5.1-cp312-cp312-macosx_10_13_x86_64.whl", hash = "sha256:2c889b56fe48b1018f764b0eec8df59ab654e9148aa91faa12596043500de277", size = 16801574, upload-time = "2026-07-04T17:06:12.423Z" },
    { url = "https://files.pythonhosted.org/packages/e1/19/cc5bb2a3f2913d27d6dbb2c78d25921fabaedc6741d4a5a615a11f3c5bf3/numpy-2.5.1-cp312-cp312-macosx_11_0_arm64.whl", hash = "sha256:ab451b59c5643c570974c43aef780703ef1d3b4965d2be07afd530615a9358d1", size = 11772250, upload-time = "2026-07-04T17:06:15.726Z" },
    { url = "https://files.pythonhosted.org/packages/42/77/fdf34a71dd30f54979b18603bee915e0aaf825b07afe79acd60b04b691e2/numpy-2.5.1-cp312-cp312-macosx_14_0_arm64.whl", hash = "sha256:78798bd5b9ad744056af8efa90e3b9ddaa53272a0848a483084a1cc0a13b2dc0", size = 5331516, upload-time = "2026-07-04T17:06:17.913Z" },
    { url = "https://files.pythonhosted.org/packages/ce/e2/eb7efa015b4cce41e2517bf182a7fce0d7d5b9d9ed76a29bfa0f4fe4505c/numpy-2.5.1-cp312-cp312-macosx_14_0_x86_64.whl", hash = "sha256:2ae0ca40bcb22d6ba59c1dfd5446f49940b0f2d821fde133f10dda11f816b84e", size = 6664863, upload-time = "2026-07-04T17:06:20.02Z" },
    { url = "https://files.pythonhosted.org/packages/a9/4b/a2b32dd94ee9ffbeecb28152240042a3949db33b1c834d44090b80e1b3b8/numpy-2.5.1-cp312-cp312-manylinux_2_27_aarch64.manylinux_2_28_aarch64.whl", hash = "sha256:61ac47e772e6b8ea489e1d2f441a34c5c3ac17327e7ce294cbdf535795ad4e75", size = 15167977, upload-time = "2026-07-04T17:06:21.621Z" },
    { url = "https://files.pythonhosted.org/packages/b8/a9/6e73d68500f80773f65f0654ea932019d6694329a0eb0ed0533de38df376/numpy-2.5.1-cp312-cp312-manylinux_2_27_x86_64.manylinux_2_28_x86_64.whl", hash = "sha256:59fda5e192b570217ec2580c96f00e9a7e12ef6866a900eb089b62c1a32545ca", size = 16672469, upload-time = "2026-07-04T17:06:24.064Z" },
    { url = "https://files.pythonhosted.org/packages/24/7d/ad3e59015135f5261c95fd4cafeff159c955febd83a99a1d9250c4233815/numpy-2.5.1-cp312-cp312-musllinux_1_2_aarch64.whl", hash = "sha256:f7119ebff1a9829e9f431a4f9d28e703023bb6b9fe7c8f724467dbfc27c94ab3", size = 16527531, upload-time = "2026-07-04T17:06:26.69Z" },
    { url = "https://files.pythonhosted.org/packages/83/d0/a39b2fbcde9cb17a1dac678f254b33a6336298af9df338824c685425d5e8/numpy-2.5.1-cp312-cp312-musllinux_1_2_x86_64.whl", hash = "sha256:e824c2acf8862052246be5a44c15da1777940c60d010dd2aab897824d9c430f9", size = 18431940, upload-time = "2026-07-04T17:06:29.521Z" },
    { url = "https://files.pythonhosted.org/packages/04/12/cff070947791c1ed425ff76413189adbdc2fbe215eba7ce7fa454a03c7f8/numpy-2.5.1-cp312-cp312-win32.whl", hash = "sha256:08d60c810432eb83360958dea0999ac4cfb94531ea8efcbf0b7f277c2068aeb2", size = 6066764, upload-time = "2026-07-04T17:06:32.571Z" },
    { url = "https://files.pythonhosted.org/packages/65/66/53f31807a48a750f9d748da273bc3fcedd12b27ff1f3e373bfec55ef2dc0/numpy-2.5.1-cp312-cp312-win_amd64.whl", hash = "sha256:f7d60026c0bdb1380e83bfa7a0419c4577ee4b9a08880afcb6dadeb74c649fa2", size = 12430966, upload-time = "2026-07-04T17:06:34.926Z" },
    { url = "https://files.pythonhosted.org/packages/2b/2a/d1a88066b1c14186f5d3c0d18c94f17b064511982bab0578d49ee9d43c29/numpy-2.5.1-cp312-cp312-win_arm64.whl", hash = "sha256:17a25e09640602e10bc8de0e6fa2b3fd68eedd84ba6d7842dc8f32f9ab87bd0b", size = 10350488, upload-time = "2026-07-04T17:06:37.785Z" },
    { url = "https://files.pythonhosted.org/packages/eb/07/ec2a3f0c91761581d4b7104a740791800025983f9a4dc4e73f91a99aeac4/numpy-2.5.1-cp313-cp313-macosx_10_13_x86_64.whl", hash = "sha256:0bfebd8695f9863592fe744be833a258120b14a9f39da255e8aa8fade2c0ddd1", size = 16796419, upload-time = "2026-07-04T17:06:40.37Z" },
    { url = "https://files.pythonhosted.org/packages/ab/ab/ddb499fc4f8780354395face5b65c7fd107bcd6e1d667a5f07d046956f6f/numpy-2.5.1-cp313-cp313-macosx_11_0_arm64.whl", hash = "sha256:30b44a6b53a7ae63c54c089a8726e5563ed302716c5b7ccc85afade40b0e7ff6", size = 11765832, upload-time = "2026-07-04T17:06:42.768Z" },
    { url = "https://files.pythonhosted.org/packages/88/b3/3c28c558a09fc72100c646dac6d2fce8e834c471b0edca01a29996706117/numpy-2.5.1-cp313-cp313-macosx_14_0_arm64.whl", hash = "sha256:6165343f81b56ef8f514f396989e529b61d9dc709b99421b07e9f3e698e2287d", size = 5325143, upload-time = "2026-07-04T17:06:45.466Z" },
    { url = "https://files.pythonhosted.org/packages/5e/0e/ce19b985bb15c596f4f05954e76cccc77c845083b3b8f938a6c68e523128/numpy-2.5.1-cp313-cp313-macosx_14_0_x86_64.whl", hash = "sha256:4939237038ada79308dda3204ac6462df056b5672b2e25db1149cf873668b3e1", size = 6659749, upload-time = "2026-07-04T17:06:47.288Z" },
    { url = "https://files.pythonhosted.org/packages/2e/20/1ee6614d64332a1bba6411f38e68cb79eec1b2459e20a623777c5c5492a2/numpy-2.5.1-cp313-cp313-manylinux_2_27_aarch64.manylinux_2_28_aarch64.whl", hash = "sha256:1c6759f538fb912fc46de0a6b1758ccf7b57bc7c7ebebc23974fdac3de8db0cd", size = 15164716, upload-time = "2026-07-04T17:06:49.494Z" },
    { url = "https://files.pythonhosted.org/packages/ed/a7/2bcd3fdbb87804755c35b729bf8709d62025c5f4cfd7d5b2415997097515/numpy-2.5.1-cp313-cp313-manylinux_2_27_x86_64.manylinux_2_28_x86_64.whl", hash = "sha256:9726558e8db4a5bf7929a70ae50f63abda4daf0efe810e3bfbab95976f75fc1a", size = 16661440, upload-time = "2026-07-04T17:06:52.061Z" },
    { url = "https://files.pythonhosted.org/packages/fc/d7/a41e3310c886fe457d36e670bbf24fae411aca8a7b6ad92a32afd924077c/numpy-2.5.1-cp313-cp313-musllinux_1_2_aarch64.whl", hash = "sha256:3935f3b419b244a02732676fa5317a9193cc596a4c0646db07e5b421229ac9f7", size = 16526305, upload-time = "2026-07-04T17:06:54.605Z" },
    { url = "https://files.pythonhosted.org/packages/53/75/4333a9a707c1edd3a4e1a0c58eca52c0f31e55089fa80db02b5565b24df7/numpy-2.5.1-cp313-cp313-musllinux_1_2_x86_64.whl", hash = "sha256:dc932a65ded7ce9013d120845a2514dcccb1a67bfc8deb8d37633762951904a6", size = 18423008, upload-time = "2026-07-04T17:06:57.54Z" },
    { url = "https://files.pythonhosted.org/packages/ee/90/e314a32b1c11a2ffe818ddad3a57b50b4b6e1b6c487192eb50cdef0415d0/numpy-2.5.1-cp313-cp313-win32.whl", hash = "sha256:4b4ff1608417eb7a59da7b967bbb798cacfe071d2caf526a24281cd562072ed9", size = 6063885, upload-time = "2026-07-04T17:07:00.14Z" },
    { url = "https://files.pythonhosted.org/packages/10/70/800b3fca480af32df9e8ea9f3d4a0c8feb4b32d7f195d174eabbda4829ad/numpy-2.5.1-cp313-cp313-win_amd64.whl", hash = "sha256:6c3fe51bc6a16453d452997053454f309e8e0ed7b42d6b361ce4ac8c32913d74", size = 12425674, upload-time = "2026-07-04T17:07:02.387Z" },
    { url = "https://files.pythonhosted.org/packages/8b/0b/196350c122f50f6ca56846f2d71efd5e0d24b7b2e07355e019b2e2c7a11e/numpy-2.5.1-cp313-cp313-win_arm64.whl", hash = "sha256:f7feb014281029e628ba2d5a007407443b06e418b6fe451d1e2adcbc8eba0107", size = 10350256, upload-time = "2026-07-04T17:07:04.878Z" },
]

[[package]]
name = "pylsl"
version = "1.18.2"
source = { registry = "https://pypi.org/simple" }
dependencies = [
    { name = "numpy" },
]
sdist = { url = "https://files.pythonhosted.org/packages/a9/22/f7f331841138351653388797c8b786f7d50dbfb96ab7d5c3faf8b79ea1b6/pylsl-1.18.2.tar.gz", hash = "sha256:e0f591bc9722d976c3cd3721c958ef3d9fc2b2bbe32e9218609a6f6070349a88", size = 42759, upload-time = "2026-04-22T04:21:32.707Z" }
wheels = [
    { url = "https://files.pythonhosted.org/packages/79/27/4daf3a230344ce9bd25b9a68cd674819deaaedb994a141d61a2d17ca6823/pylsl-1.18.2-py2.py3-none-any.whl", hash = "sha256:0758d45b13aa97beb806884ec607648fe6568505b04c3ce152bfea214a4f06c2", size = 42949, upload-time = "2026-04-22T04:21:33.431Z" },
    { url = "https://files.pythonhosted.org/packages/6e/7f/9f19c023dfb770ffe23031e05251e64fcf3f3bfc4f51d16d352b8e58f5ec/pylsl-1.18.2-py2.py3-none-macosx_11_0_universal2.whl", hash = "sha256:dd459aaa36af808cca4e4046ae926b42886fdd9672b219bfd4dd154010ca1c8b", size = 662393, upload-time = "2026-04-22T04:21:31.549Z" },
    { url = "https://files.pythonhosted.org/packages/64/08/c2ae65d3fe8d1cfaa4be05617a6f6af71342ba0dc1750363b929098065b7/pylsl-1.18.2-py2.py3-none-manylinux_2_35_x86_64.whl", hash = "sha256:f0331fed141cf19be65017e6529edff79b8505b4781e9e1838c95de5d072ade4", size = 1043264, upload-time = "2026-04-22T04:21:30.201Z" },
    { url = "https://files.pythonhosted.org/packages/2c/b1/e599a7327376e29847dd00b33f127b9238e76d9aedd27eae6eb9ff77a190/pylsl-1.18.2-py2.py3-none-win32.whl", hash = "sha256:2f9f50aa16510600066e43628a1b66ac6b6a32b321de3000824f9c60e26cfbfa", size = 272611, upload-time = "2026-04-22T04:21:28.666Z" },
    { url = "https://files.pythonhosted.org/packages/8a/a8/8ccb88b3cd65140e57966472038baa0cebb56bde5e86ad51852faed99cad/pylsl-1.18.2-py2.py3-none-win_amd64.whl", hash = "sha256:3ea2693417c7d79766cebf967250fde78aa1a3ad2b198e40246d36f549dbfde1", size = 307506, upload-time = "2026-04-22T04:21:35.177Z" },
]

[[package]]
name = "readkeys"
version = "1.0.2"
source = { registry = "https://pypi.org/simple" }
sdist = { url = "https://files.pythonhosted.org/packages/38/bf/d16f025af693b48848004a3bd582c912d6937b481204cbaccbeda54ba47c/readkeys-1.0.2.tar.gz", hash = "sha256:0ea2a6a7e2993a454d53c90fbdcd7d526d12ade30c23049c1dc7398d1d7b32de", size = 8598, upload-time = "2020-08-05T12:41:34.139Z" }
wheels = [
    { url = "https://files.pythonhosted.org/packages/22/42/0be0768148dbc7d3f36d19e419edc3abd93ea05037b1debed50dfb880a4a/readkeys-1.0.2-py3-none-any.whl", hash = "sha256:2b113c4f0726df495ace2b031f174c17b77c576f014c347bb6d92d87d4f6a298", size = 9313, upload-time = "2020-08-05T12:41:32.919Z" },
]

[[package]]
name = "tomlkit"
version = "0.15.1"
source = { registry = "https://pypi.org/simple" }
sdist = { url = "https://files.pythonhosted.org/packages/94/96/e07752635b98536177fa1f37671c8f3cdde2e724c6bcf6034b2cfb571565/tomlkit-0.15.1.tar.gz", hash = "sha256:e25bbf38843005246210a12982776f27f99cb9be67160e14434d0c0d21ee1e97", size = 180129, upload-time = "2026-07-17T01:48:04.562Z" }
wheels = [
    { url = "https://files.pythonhosted.org/packages/13/bc/8c13eb66537dce1d2bd3a57132902f38d0e7f5bb46fa9f4daed9fe9d76ee/tomlkit-0.15.1-py3-none-any.whl", hash = "sha256:177a05aece5a8ca5266fd3c448abb47b8d352f09d477d3ca8332db4d89b24304", size = 49449, upload-time = "2026-07-17T01:48:05.728Z" },
]
